
Microsoft Visual Studio Solution File, Format Version 12.00
# Visual Studio Version 17
VisualStudioVersion = 17.7.34221.43
MinimumVisualStudioVersion = 10.0.40219.1
Project("{9A19103F-16F7-4668-BE54-9A1E7A4F7556}") = "LetMeKnowApiCore", "LetMeKnowApiCore\LetMeKnowApiCore.csproj", "{3532C21E-DAA1-4594-B19D-B835759B6D3D}"
EndProject
Project("{9A19103F-16F7-4668-BE54-9A1E7A4F7556}") = "LetMeKnow.Models", "LetMeKnow.Models\LetMeKnow.Models.csproj", "{21A928FA-F242-4386-97EB-2FCD6CBFDEAF}"
EndProject
Project("{FAE04EC0-301F-11D3-BF4B-00C04F79EFBC}") = "LetMeKnow.Biz", "LetMeKnow.Biz\LetMeKnow.Biz.csproj", "{CA9C5ED7-2917-4053-A254-22A78B436F25}"
EndProject
Project("{FAE04EC0-301F-11D3-BF4B-00C04F79EFBC}") = "LetMeKnow.Data", "LetMeKnow.Data\LetMeKnow.Data.csproj", "{2090DCB7-A33E-4FD6-BA44-912C89F17363}"
EndProject
Project("{FAE04EC0-301F-11D3-BF4B-00C04F79EFBC}") = "Core", "Core\Core.csproj", "{64BF93E5-A6F6-492A-BD95-B91C2BA4A96C}"
EndProject
Global
	GlobalSection(SolutionConfigurationPlatforms) = preSolution
		Debug|Any CPU = Debug|Any CPU
		Release|Any CPU = Release|Any CPU
	EndGlobalSection
	GlobalSection(ProjectConfigurationPlatforms) = postSolution
		{3532C21E-DAA1-4594-B19D-B835759B6D3D}.Debug|Any CPU.ActiveCfg = Debug|Any CPU
		{3532C21E-DAA1-4594-B19D-B835759B6D3D}.Debug|Any CPU.Build.0 = Debug|Any CPU
		{3532C21E-DAA1-4594-B19D-B835759B6D3D}.Release|Any CPU.ActiveCfg = Release|Any CPU
		{3532C21E-DAA1-4594-B19D-B835759B6D3D}.Release|Any CPU.Build.0 = Release|Any CPU
		{21A928FA-F242-4386-97EB-2FCD6CBFDEAF}.Debug|Any CPU.ActiveCfg = Debug|Any CPU
		{21A928FA-F242-4386-97EB-2FCD6CBFDEAF}.Debug|Any CPU.Build.0 = Debug|Any CPU
		{21A928FA-F242-4386-97EB-2FCD6CBFDEAF}.Release|Any CPU.ActiveCfg = Release|Any CPU
		{21A928FA-F242-4386-97EB-2FCD6CBFDEAF}.Release|Any CPU.Build.0 = Release|Any CPU
		{CA9C5ED7-2917-4053-A254-22A78B436F25}.Debug|Any CPU.ActiveCfg = Debug|Any CPU
		{CA9C5ED7-2917-4053-A254-22A78B436F25}.Debug|Any CPU.Build.0 = Debug|Any CPU
		{CA9C5ED7-2917-4053-A254-22A78B436F25}.Release|Any CPU.ActiveCfg = Release|Any CPU
		{CA9C5ED7-2917-4053-A254-22A78B436F25}.Release|Any CPU.Build.0 = Release|Any CPU
		{2090DCB7-A33E-4FD6-BA44-912C89F17363}.Debug|Any CPU.ActiveCfg = Debug|Any CPU
		{2090DCB7-A33E-4FD6-BA44-912C89F17363}.Debug|Any CPU.Build.0 = Debug|Any CPU
		{2090DCB7-A33E-4FD6-BA44-912C89F17363}.Release|Any CPU.ActiveCfg = Release|Any CPU
		{2090DCB7-A33E-4FD6-BA44-912C89F17363}.Release|Any CPU.Build.0 = Release|Any CPU
		{64BF93E5-A6F6-492A-BD95-B91C2BA4A96C}.Debug|Any CPU.ActiveCfg = Debug|Any CPU
		{64BF93E5-A6F6-492A-BD95-B91C2BA4A96C}.Debug|Any CPU.Build.0 = Debug|Any CPU
		{64BF93E5-A6F6-492A-BD95-B91C2BA4A96C}.Release|Any CPU.ActiveCfg = Release|Any CPU
		{64BF93E5-A6F6-492A-BD95-B91C2BA4A96C}.Release|Any CPU.Build.0 = Release|Any CPU
	EndGlobalSection
	GlobalSection(SolutionProperties) = preSolution
		HideSolutionNode = FALSE
	EndGlobalSection
	GlobalSection(ExtensibilityGlobals) = postSolution
		SolutionGuid = {2AB591FA-4A93-48D1-AC03-3060D5C49067}
	EndGlobalSection
EndGlobal
